// !$*UTF8*$!
{
	archiveVersion = 1;
	classes = {
	};
	objectVersion = 55;
	objects = {

/* Begin PBXBuildFile section */
		104D6A4527AFB1E800DBFB9C /* FoodListSectionHeader.swift in Sources */ = {isa = PBXBuildFile; fileRef = 104D6A4427AFB1E800DBFB9C /* FoodListSectionHeader.swift */; };
		104D6A4727AFC77A00DBFB9C /* FoodListPresenter.swift in Sources */ = {isa = PBXBuildFile; fileRef = 104D6A4627AFC77A00DBFB9C /* FoodListPresenter.swift */; };
		104D6A4927AFCBCA00DBFB9C /* Assembly.swift in Sources */ = {isa = PBXBuildFile; fileRef = 104D6A4827AFCBCA00DBFB9C /* Assembly.swift */; };
		1078888927AE8FE10034454C /* AppDelegate.swift in Sources */ = {isa = PBXBuildFile; fileRef = 1078888827AE8FE10034454C /* AppDelegate.swift */; };
		1078888D27AE8FE10034454C /* MainViewController.swift in Sources */ = {isa = PBXBuildFile; fileRef = 1078888C27AE8FE10034454C /* MainViewController.swift */; };
		1078889227AE8FE10034454C /* Assets.xcassets in Resources */ = {isa = PBXBuildFile; fileRef = 1078889127AE8FE10034454C /* Assets.xcassets */; };
		1078889527AE8FE10034454C /* LaunchScreen.storyboard in Resources */ = {isa = PBXBuildFile; fileRef = 1078889327AE8FE10034454C /* LaunchScreen.storyboard */; };
		107888A027AEA1D40034454C /* FoodListViewController.swift in Sources */ = {isa = PBXBuildFile; fileRef = 1078889F27AEA1D40034454C /* FoodListViewController.swift */; };
		107888A327AEA5A60034454C /* UIViewController+Extensions.swift in Sources */ = {isa = PBXBuildFile; fileRef = 107888A227AEA5A60034454C /* UIViewController+Extensions.swift */; };
		10B318CB27AEA9A600517567 /* Pizza.swift in Sources */ = {isa = PBXBuildFile; fileRef = 10B318CA27AEA9A600517567 /* Pizza.swift */; };
		10B318CD27AEA9E100517567 /* VegetarianDish.swift in Sources */ = {isa = PBXBuildFile; fileRef = 10B318CC27AEA9E100517567 /* VegetarianDish.swift */; };
		10B318CF27AEAADC00517567 /* SeaFood.swift in Sources */ = {isa = PBXBuildFile; fileRef = 10B318CE27AEAADC00517567 /* SeaFood.swift */; };
		10B318D727AEAD2700517567 /* NetworkService.swift in Sources */ = {isa = PBXBuildFile; fileRef = 10B318D627AEAD2700517567 /* NetworkService.swift */; };
		10B318D927AEAD4300517567 /* NetworkDataFetcher.swift in Sources */ = {isa = PBXBuildFile; fileRef = 10B318D827AEAD4300517567 /* NetworkDataFetcher.swift */; };
		10B318DB27AEAD5F00517567 /* DataFetcherService.swift in Sources */ = {isa = PBXBuildFile; fileRef = 10B318DA27AEAD5F00517567 /* DataFetcherService.swift */; };
		10B318DF27AED62C00517567 /* DishCell.swift in Sources */ = {isa = PBXBuildFile; fileRef = 10B318DE27AED62C00517567 /* DishCell.swift */; };
		10B318E127AEE10B00517567 /* FoodListHeaderView.swift in Sources */ = {isa = PBXBuildFile; fileRef = 10B318E027AEE10B00517567 /* FoodListHeaderView.swift */; };
		10B318E327AEE7F000517567 /* BannerCollectionViewCell.swift in Sources */ = {isa = PBXBuildFile; fileRef = 10B318E227AEE7F000517567 /* BannerCollectionViewCell.swift */; };
		10B9264227B026B500A1A6BB /* UITableView+Extensions.swift in Sources */ = {isa = PBXBuildFile; fileRef = 10B9264127B026B500A1A6BB /* UITableView+Extensions.swift */; };
		C767E4384C5AC2C5A1B7372E /* Pods_TestDeliveryApp.framework in Frameworks */ = {isa = PBXBuildFile; fileRef = F9BF192D2D795302904855D6 /* Pods_TestDeliveryApp.framework */; };
/* End PBXBuildFile section */

/* Begin PBXFileReference section */
		104D6A4427AFB1E800DBFB9C /* FoodListSectionHeader.swift */ = {isa = PBXFileReference; lastKnownFileType = sourcecode.swift; path = FoodListSectionHeader.swift; sourceTree = "<group>"; };
		104D6A4627AFC77A00DBFB9C /* FoodListPresenter.swift */ = {isa = PBXFileReference; lastKnownFileType = sourcecode.swift; path = FoodListPresenter.swift; sourceTree = "<group>"; };
		104D6A4827AFCBCA00DBFB9C /* Assembly.swift */ = {isa = PBXFileReference; lastKnownFileType = sourcecode.swift; path = Assembly.swift; sourceTree = "<group>"; };
		1078888527AE8FE10034454C /* TestDeliveryApp.app */ = {isa = PBXFileReference; explicitFileType = wrapper.application; includeInIndex = 0; path = TestDeliveryApp.app; sourceTree = BUILT_PRODUCTS_DIR; };
		1078888827AE8FE10034454C /* AppDelegate.swift */ = {isa = PBXFileReference; lastKnownFileType = sourcecode.swift; path = AppDelegate.swift; sourceTree = "<group>"; };
		1078888C27AE8FE10034454C /* MainViewController.swift */ = {isa = PBXFileReference; lastKnownFileType = sourcecode.swift; path = MainViewController.swift; sourceTree = "<group>"; };
		1078889127AE8FE10034454C /* Assets.xcassets */ = {isa = PBXFileReference; lastKnownFileType = folder.assetcatalog; path = Assets.xcassets; sourceTree = "<group>"; };
		1078889427AE8FE10034454C /* Base */ = {isa = PBXFileReference; lastKnownFileType = file.storyboard; name = Base; path = Base.lproj/LaunchScreen.storyboard; sourceTree = "<group>"; };
		1078889627AE8FE10034454C /* Info.plist */ = {isa = PBXFileReference; lastKnownFileType = text.plist.xml; path = Info.plist; sourceTree = "<group>"; };
		1078889F27AEA1D40034454C /* FoodListViewController.swift */ = {isa = PBXFileReference; lastKnownFileType = sourcecode.swift; path = FoodListViewController.swift; sourceTree = "<group>"; };
		107888A227AEA5A60034454C /* UIViewController+Extensions.swift */ = {isa = PBXFileReference; lastKnownFileType = sourcecode.swift; path = "UIViewController+Extensions.swift"; sourceTree = "<group>"; };
		10B318CA27AEA9A600517567 /* Pizza.swift */ = {isa = PBXFileReference; lastKnownFileType = sourcecode.swift; path = Pizza.swift; sourceTree = "<group>"; };
		10B318CC27AEA9E100517567 /* VegetarianDish.swift */ = {isa = PBXFileReference; lastKnownFileType = sourcecode.swift; path = VegetarianDish.swift; sourceTree = "<group>"; };
		10B318CE27AEAADC00517567 /* SeaFood.swift */ = {isa = PBXFileReference; lastKnownFileType = sourcecode.swift; path = SeaFood.swift; sourceTree = "<group>"; };
		10B318D627AEAD2700517567 /* NetworkService.swift */ = {isa = PBXFileReference; lastKnownFileType = sourcecode.swift; path = NetworkService.swift; sourceTree = "<group>"; };
		10B318D827AEAD4300517567 /* NetworkDataFetcher.swift */ = {isa = PBXFileReference; lastKnownFileType = sourcecode.swift; path = NetworkDataFetcher.swift; sourceTree = "<group>"; };
		10B318DA27AEAD5F00517567 /* DataFetcherService.swift */ = {isa = PBXFileReference; lastKnownFileType = sourcecode.swift; path = DataFetcherService.swift; sourceTree = "<group>"; };
		10B318DE27AED62C00517567 /* DishCell.swift */ = {isa = PBXFileReference; lastKnownFileType = sourcecode.swift; path = DishCell.swift; sourceTree = "<group>"; };
		10B318E027AEE10B00517567 /* FoodListHeaderView.swift */ = {isa = PBXFileReference; lastKnownFileType = sourcecode.swift; path = FoodListHeaderView.swift; sourceTree = "<group>"; };
		10B318E227AEE7F000517567 /* BannerCollectionViewCell.swift */ = {isa = PBXFileReference; lastKnownFileType = sourcecode.swift; path = BannerCollectionViewCell.swift; sourceTree = "<group>"; };
		10B9264127B026B500A1A6BB /* UITableView+Extensions.swift */ = {isa = PBXFileReference; lastKnownFileType = sourcecode.swift; path = "UITableView+Extensions.swift"; sourceTree = "<group>"; };
		293EEC06DA7B3CD296C16A51 /* Pods-TestDeliveryApp.release.xcconfig */ = {isa = PBXFileReference; includeInIndex = 1; lastKnownFileType = text.xcconfig; name = "Pods-TestDeliveryApp.release.xcconfig"; path = "Target Support Files/Pods-TestDeliveryApp/Pods-TestDeliveryApp.release.xcconfig"; sourceTree = "<group>"; };
		5B88B6A040BA442E6D7536A6 /* Pods-TestDeliveryApp.debug.xcconfig */ = {isa = PBXFileReference; includeInIndex = 1; lastKnownFileType = text.xcconfig; name = "Pods-TestDeliveryApp.debug.xcconfig"; path = "Target Support Files/Pods-TestDeliveryApp/Pods-TestDeliveryApp.debug.xcconfig"; sourceTree = "<group>"; };
		F9BF192D2D795302904855D6 /* Pods_TestDeliveryApp.framework */ = {isa = PBXFileReference; explicitFileType = wrapper.framework; includeInIndex = 0; path = Pods_TestDeliveryApp.framework; sourceTree = BUILT_PRODUCTS_DIR; };
/* End PBXFileReference section */

/* Begin PBXFrameworksBuildPhase section */
		1078888227AE8FE10034454C /* Frameworks */ = {
			isa = PBXFrameworksBuildPhase;
			buildActionMask = 2147483647;
			files = (
				C767E4384C5AC2C5A1B7372E /* Pods_TestDeliveryApp.framework in Frameworks */,
			);
			runOnlyForDeploymentPostprocessing = 0;
		};
/* End PBXFrameworksBuildPhase section */

/* Begin PBXGroup section */
		1073BCB227AFE60600B52E8D /* FoodListModule */ = {
			isa = PBXGroup;
			children = (
				1078889F27AEA1D40034454C /* FoodListViewController.swift */,
				104D6A4627AFC77A00DBFB9C /* FoodListPresenter.swift */,
				1073BCB527AFE66400B52E8D /* Cell */,
				1073BCB427AFE64B00B52E8D /* SectionHeader */,
				1073BCB327AFE63500B52E8D /* Header */,
			);
			path = FoodListModule;
			sourceTree = "<group>";
		};
		1073BCB327AFE63500B52E8D /* Header */ = {
			isa = PBXGroup;
			children = (
				10B318E027AEE10B00517567 /* FoodListHeaderView.swift */,
				10B318E227AEE7F000517567 /* BannerCollectionViewCell.swift */,
			);
			path = Header;
			sourceTree = "<group>";
		};
		1073BCB427AFE64B00B52E8D /* SectionHeader */ = {
			isa = PBXGroup;
			children = (
				104D6A4427AFB1E800DBFB9C /* FoodListSectionHeader.swift */,
			);
			path = SectionHeader;
			sourceTree = "<group>";
		};
		1073BCB527AFE66400B52E8D /* Cell */ = {
			isa = PBXGroup;
			children = (
				10B318DE27AED62C00517567 /* DishCell.swift */,
			);
			path = Cell;
			sourceTree = "<group>";
		};
		1073BCB627AFE67D00B52E8D /* Files */ = {
			isa = PBXGroup;
			children = (
				1078889127AE8FE10034454C /* Assets.xcassets */,
				1078889327AE8FE10034454C /* LaunchScreen.storyboard */,
				1078889627AE8FE10034454C /* Info.plist */,
			);
			path = Files;
			sourceTree = "<group>";
		};
		1078887C27AE8FE10034454C = {
			isa = PBXGroup;
			children = (
				1078888727AE8FE10034454C /* DeliveryFood */,
				1078888627AE8FE10034454C /* Products */,
				CC01CD6EF51A08531F8A53C0 /* Pods */,
				E760BFE162832B3FFF19A302 /* Frameworks */,
			);
			sourceTree = "<group>";
		};
		1078888627AE8FE10034454C /* Products */ = {
			isa = PBXGroup;
			children = (
				1078888527AE8FE10034454C /* TestDeliveryApp.app */,
			);
			name = Products;
			sourceTree = "<group>";
		};
		1078888727AE8FE10034454C /* DeliveryFood */ = {
			isa = PBXGroup;
			children = (
				1078888827AE8FE10034454C /* AppDelegate.swift */,
				104D6A4827AFCBCA00DBFB9C /* Assembly.swift */,
				1078888C27AE8FE10034454C /* MainViewController.swift */,
				1073BCB227AFE60600B52E8D /* FoodListModule */,
				10B318C927AEA98E00517567 /* Models */,
				1078889E27AEA00A0034454C /* Networking */,
				107888A127AEA5950034454C /* Extensions */,
				1073BCB627AFE67D00B52E8D /* Files */,
			);
			path = DeliveryFood;
			sourceTree = "<group>";
		};
		1078889E27AEA00A0034454C /* Networking */ = {
			isa = PBXGroup;
			children = (
				10B318D627AEAD2700517567 /* NetworkService.swift */,
				10B318D827AEAD4300517567 /* NetworkDataFetcher.swift */,
				10B318DA27AEAD5F00517567 /* DataFetcherService.swift */,
			);
			path = Networking;
			sourceTree = "<group>";
		};
		107888A127AEA5950034454C /* Extensions */ = {
			isa = PBXGroup;
			children = (
				107888A227AEA5A60034454C /* UIViewController+Extensions.swift */,
				10B9264127B026B500A1A6BB /* UITableView+Extensions.swift */,
			);
			path = Extensions;
			sourceTree = "<group>";
		};
		10B318C927AEA98E00517567 /* Models */ = {
			isa = PBXGroup;
			children = (
				10B318CA27AEA9A600517567 /* Pizza.swift */,
				10B318CC27AEA9E100517567 /* VegetarianDish.swift */,
				10B318CE27AEAADC00517567 /* SeaFood.swift */,
			);
			path = Models;
			sourceTree = "<group>";
		};
		CC01CD6EF51A08531F8A53C0 /* Pods */ = {
			isa = PBXGroup;
			children = (
				5B88B6A040BA442E6D7536A6 /* Pods-TestDeliveryApp.debug.xcconfig */,
				293EEC06DA7B3CD296C16A51 /* Pods-TestDeliveryApp.release.xcconfig */,
			);
			path = Pods;
			sourceTree = "<group>";
		};
		E760BFE162832B3FFF19A302 /* Frameworks */ = {
			isa = PBXGroup;
			children = (
				F9BF192D2D795302904855D6 /* Pods_TestDeliveryApp.framework */,
			);
			name = Frameworks;
			sourceTree = "<group>";
		};
/* End PBXGroup section */

/* Begin PBXNativeTarget section */
		1078888427AE8FE10034454C /* TestDeliveryApp */ = {
			isa = PBXNativeTarget;
			buildConfigurationList = 1078889927AE8FE10034454C /* Build configuration list for PBXNativeTarget "TestDeliveryApp" */;
			buildPhases = (
				15D3D3DFF49EE74043B88900 /* [CP] Check Pods Manifest.lock */,
				1078888127AE8FE10034454C /* Sources */,
				1078888227AE8FE10034454C /* Frameworks */,
				1078888327AE8FE10034454C /* Resources */,
				223AC7D3952ECB896DA017D3 /* [CP] Embed Pods Frameworks */,
			);
			buildRules = (
			);
			dependencies = (
			);
			name = TestDeliveryApp;
			productName = DeliveryFood;
			productReference = 1078888527AE8FE10034454C /* TestDeliveryApp.app */;
			productType = "com.apple.product-type.application";
		};
/* End PBXNativeTarget section */

/* Begin PBXProject section */
		1078887D27AE8FE10034454C /* Project object */ = {
			isa = PBXProject;
			attributes = {
				BuildIndependentTargetsInParallel = 1;
				LastSwiftUpdateCheck = 1320;
				LastUpgradeCheck = 1320;
				TargetAttributes = {
					1078888427AE8FE10034454C = {
						CreatedOnToolsVersion = 13.2;
					};
				};
			};
			buildConfigurationList = 1078888027AE8FE10034454C /* Build configuration list for PBXProject "TestDeliveryApp" */;
			compatibilityVersion = "Xcode 13.0";
			developmentRegion = en;
			hasScannedForEncodings = 0;
			knownRegions = (
				en,
				Base,
			);
			mainGroup = 1078887C27AE8FE10034454C;
			productRefGroup = 1078888627AE8FE10034454C /* Products */;
			projectDirPath = "";
			projectRoot = "";
			targets = (
				1078888427AE8FE10034454C /* TestDeliveryApp */,
			);
		};
/* End PBXProject section */

/* Begin PBXResourcesBuildPhase section */
		1078888327AE8FE10034454C /* Resources */ = {
			isa = PBXResourcesBuildPhase;
			buildActionMask = 2147483647;
			files = (
				1078889527AE8FE10034454C /* LaunchScreen.storyboard in Resources */,
				1078889227AE8FE10034454C /* Assets.xcassets in Resources */,
			);
			runOnlyForDeploymentPostprocessing = 0;
		};
/* End PBXResourcesBuildPhase section */

/* Begin PBXShellScriptBuildPhase section */
		15D3D3DFF49EE74043B88900 /* [CP] Check Pods Manifest.lock */ = {
			isa = PBXShellScriptBuildPhase;
			buildActionMask = 2147483647;
			files = (
			);
			inputFileListPaths = (
			);
			inputPaths = (
				"${PODS_PODFILE_DIR_PATH}/Podfile.lock",
				"${PODS_ROOT}/Manifest.lock",
			);
			name = "[CP] Check Pods Manifest.lock";
			outputFileListPaths = (
			);
			outputPaths = (
				"$(DERIVED_FILE_DIR)/Pods-TestDeliveryApp-checkManifestLockResult.txt",
			);
			runOnlyForDeploymentPostprocessing = 0;
			shellPath = /bin/sh;
			shellScript = "diff \"${PODS_PODFILE_DIR_PATH}/Podfile.lock\" \"${PODS_ROOT}/Manifest.lock\" > /dev/null\nif [ $? != 0 ] ; then\n    # print error to STDERR\n    echo \"error: The sandbox is not in sync with the Podfile.lock. Run 'pod install' or update your CocoaPods installation.\" >&2\n    exit 1\nfi\n# This output is used by Xcode 'outputs' to avoid re-running this script phase.\necho \"SUCCESS\" > \"${SCRIPT_OUTPUT_FILE_0}\"\n";
			showEnvVarsInLog = 0;
		};
		223AC7D3952ECB896DA017D3 /* [CP] Embed Pods Frameworks */ = {
			isa = PBXShellScriptBuildPhase;
			buildActionMask = 2147483647;
			files = (
			);
			inputFileListPaths = (
				"${PODS_ROOT}/Target Support Files/Pods-TestDeliveryApp/Pods-TestDeliveryApp-frameworks-${CONFIGURATION}-input-files.xcfilelist",
			);
			name = "[CP] Embed Pods Frameworks";
			outputFileListPaths = (
				"${PODS_ROOT}/Target Support Files/Pods-TestDeliveryApp/Pods-TestDeliveryApp-frameworks-${CONFIGURATION}-output-files.xcfilelist",
			);
			runOnlyForDeploymentPostprocessing = 0;
			shellPath = /bin/sh;
			shellScript = "\"${PODS_ROOT}/Target Support Files/Pods-TestDeliveryApp/Pods-TestDeliveryApp-frameworks.sh\"\n";
			showEnvVarsInLog = 0;
		};
/* End PBXShellScriptBuildPhase section */

/* Begin PBXSourcesBuildPhase section */
		1078888127AE8FE10034454C /* Sources */ = {
			isa = PBXSourcesBuildPhase;
			buildActionMask = 2147483647;
			files = (
				10B318CD27AEA9E100517567 /* VegetarianDish.swift in Sources */,
				10B318DF27AED62C00517567 /* DishCell.swift in Sources */,
				10B318E127AEE10B00517567 /* FoodListHeaderView.swift in Sources */,
				10B318CF27AEAADC00517567 /* SeaFood.swift in Sources */,
				10B318D727AEAD2700517567 /* NetworkService.swift in Sources */,
				1078888D27AE8FE10034454C /* MainViewController.swift in Sources */,
				1078888927AE8FE10034454C /* AppDelegate.swift in Sources */,
				10B318DB27AEAD5F00517567 /* DataFetcherService.swift in Sources */,
				10B9264227B026B500A1A6BB /* UITableView+Extensions.swift in Sources */,
				10B318CB27AEA9A600517567 /* Pizza.swift in Sources */,
				10B318D927AEAD4300517567 /* NetworkDataFetcher.swift in Sources */,
				104D6A4527AFB1E800DBFB9C /* FoodListSectionHeader.swift in Sources */,
				10B318E327AEE7F000517567 /* BannerCollectionViewCell.swift in Sources */,
				107888A327AEA5A60034454C /* UIViewController+Extensions.swift in Sources */,
				104D6A4927AFCBCA00DBFB9C /* Assembly.swift in Sources */,
				104D6A4727AFC77A00DBFB9C /* FoodListPresenter.swift in Sources */,
				107888A027AEA1D40034454C /* FoodListViewController.swift in Sources */,
			);
			runOnlyForDeploymentPostprocessing = 0;
		};
/* End PBXSourcesBuildPhase section */

/* Begin PBXVariantGroup section */
		1078889327AE8FE10034454C /* LaunchScreen.storyboard */ = {
			isa = PBXVariantGroup;
			children = (
				1078889427AE8FE10034454C /* Base */,
			);
			name = LaunchScreen.storyboard;
			sourceTree = "<group>";
		};
/* End PBXVariantGroup section */

/* Begin XCBuildConfiguration section */
		1078889727AE8FE10034454C /* Debug */ = {
			isa = XCBuildConfiguration;
			buildSettings = {
				ALWAYS_SEARCH_USER_PATHS = NO;
				CLANG_ANALYZER_NONNULL = YES;
				CLANG_ANALYZER_NUMBER_OBJECT_CONVERSION = YES_AGGRESSIVE;
				CLANG_CXX_LANGUAGE_STANDARD = "gnu++17";
				CLANG_CXX_LIBRARY = "libc++";
				CLANG_ENABLE_MODULES = YES;
				CLANG_ENABLE_OBJC_ARC = YES;
				CLANG_ENABLE_OBJC_WEAK = YES;
				CLANG_WARN_BLOCK_CAPTURE_AUTORELEASING = YES;
				CLANG_WARN_BOOL_CONVERSION = YES;
				CLANG_WARN_COMMA = YES;
				CLANG_WARN_CONSTANT_CONVERSION = YES;
				CLANG_WARN_DEPRECATED_OBJC_IMPLEMENTATIONS = YES;
				CLANG_WARN_DIRECT_OBJC_ISA_USAGE = YES_ERROR;
				CLANG_WARN_DOCUMENTATION_COMMENTS = YES;
				CLANG_WARN_EMPTY_BODY = YES;
				CLANG_WARN_ENUM_CONVERSION = YES;
				CLANG_WARN_INFINITE_RECURSION = YES;
				CLANG_WARN_INT_CONVERSION = YES;
				CLANG_WARN_NON_LITERAL_NULL_CONVERSION = YES;
				CLANG_WARN_OBJC_IMPLICIT_RETAIN_SELF = YES;
				CLANG_WARN_OBJC_LITERAL_CONVERSION = YES;
				CLANG_WARN_OBJC_ROOT_CLASS = YES_ERROR;
				CLANG_WARN_QUOTED_INCLUDE_IN_FRAMEWORK_HEADER = YES;
				CLANG_WARN_RANGE_LOOP_ANALYSIS = YES;
				CLANG_WARN_STRICT_PROTOTYPES = YES;
				CLANG_WARN_SUSPICIOUS_MOVE = YES;
				CLANG_WARN_UNGUARDED_AVAILABILITY = YES_AGGRESSIVE;
				CLANG_WARN_UNREACHABLE_CODE = YES;
				CLANG_WARN__DUPLICATE_METHOD_MATCH = YES;
				COPY_PHASE_STRIP = NO;
				DEBUG_INFORMATION_FORMAT = dwarf;
				ENABLE_STRICT_OBJC_MSGSEND = YES;
				ENABLE_TESTABILITY = YES;
				GCC_C_LANGUAGE_STANDARD = gnu11;
				GCC_DYNAMIC_NO_PIC = NO;
				GCC_NO_COMMON_BLOCKS = YES;
				GCC_OPTIMIZATION_LEVEL = 0;
				GCC_PREPROCESSOR_DEFINITIONS = (
					"DEBUG=1",
					"$(inherited)",
				);
				GCC_WARN_64_TO_32_BIT_CONVERSION = YES;
				GCC_WARN_ABOUT_RETURN_TYPE = YES_ERROR;
				GCC_WARN_UNDECLARED_SELECTOR = YES;
				GCC_WARN_UNINITIALIZED_AUTOS = YES_AGGRESSIVE;
				GCC_WARN_UNUSED_FUNCTION = YES;
				GCC_WARN_UNUSED_VARIABLE = YES;
				IPHONEOS_DEPLOYMENT_TARGET = 15.2;
				MTL_ENABLE_DEBUG_INFO = INCLUDE_SOURCE;
				MTL_FAST_MATH = YES;
				ONLY_ACTIVE_ARCH = YES;
				SDKROOT = iphoneos;
				SWIFT_ACTIVE_COMPILATION_CONDITIONS = DEBUG;
				SWIFT_OPTIMIZATION_LEVEL = "-Onone";
			};
			name = Debug;
		};
		1078889827AE8FE10034454C /* Release */ = {
			isa = XCBuildConfiguration;
			buildSettings = {
				ALWAYS_SEARCH_USER_PATHS = NO;
				CLANG_ANALYZER_NONNULL = YES;
				CLANG_ANALYZER_NUMBER_OBJECT_CONVERSION = YES_AGGRESSIVE;
				CLANG_CXX_LANGUAGE_STANDARD = "gnu++17";
				CLANG_CXX_LIBRARY = "libc++";
				CLANG_ENABLE_MODULES = YES;
				CLANG_ENABLE_OBJC_ARC = YES;
				CLANG_ENABLE_OBJC_WEAK = YES;
				CLANG_WARN_BLOCK_CAPTURE_AUTORELEASING = YES;
				CLANG_WARN_BOOL_CONVERSION = YES;
				CLANG_WARN_COMMA = YES;
				CLANG_WARN_CONSTANT_CONVERSION = YES;
				CLANG_WARN_DEPRECATED_OBJC_IMPLEMENTATIONS = YES;
				CLANG_WARN_DIRECT_OBJC_ISA_USAGE = YES_ERROR;
				CLANG_WARN_DOCUMENTATION_COMMENTS = YES;
				CLANG_WARN_EMPTY_BODY = YES;
				CLANG_WARN_ENUM_CONVERSION = YES;
				CLANG_WARN_INFINITE_RECURSION = YES;
				CLANG_WARN_INT_CONVERSION = YES;
				CLANG_WARN_NON_LITERAL_NULL_CONVERSION = YES;
				CLANG_WARN_OBJC_IMPLICIT_RETAIN_SELF = YES;
				CLANG_WARN_OBJC_LITERAL_CONVERSION = YES;
				CLANG_WARN_OBJC_ROOT_CLASS = YES_ERROR;
				CLANG_WARN_QUOTED_INCLUDE_IN_FRAMEWORK_HEADER = YES;
				CLANG_WARN_RANGE_LOOP_ANALYSIS = YES;
				CLANG_WARN_STRICT_PROTOTYPES = YES;
				CLANG_WARN_SUSPICIOUS_MOVE = YES;
				CLANG_WARN_UNGUARDED_AVAILABILITY = YES_AGGRESSIVE;
				CLANG_WARN_UNREACHABLE_CODE = YES;
				CLANG_WARN__DUPLICATE_METHOD_MATCH = YES;
				COPY_PHASE_STRIP = NO;
				DEBUG_INFORMATION_FORMAT = "dwarf-with-dsym";
				ENABLE_NS_ASSERTIONS = NO;
				ENABLE_STRICT_OBJC_MSGSEND = YES;
				GCC_C_LANGUAGE_STANDARD = gnu11;
				GCC_NO_COMMON_BLOCKS = YES;
				GCC_WARN_64_TO_32_BIT_CONVERSION = YES;
				GCC_WARN_ABOUT_RETURN_TYPE = YES_ERROR;
				GCC_WARN_UNDECLARED_SELECTOR = YES;
				GCC_WARN_UNINITIALIZED_AUTOS = YES_AGGRESSIVE;
				GCC_WARN_UNUSED_FUNCTION = YES;
				GCC_WARN_UNUSED_VARIABLE = YES;
				IPHONEOS_DEPLOYMENT_TARGET = 15.2;
				MTL_ENABLE_DEBUG_INFO = NO;
				MTL_FAST_MATH = YES;
				SDKROOT = iphoneos;
				SWIFT_COMPILATION_MODE = wholemodule;
				SWIFT_OPTIMIZATION_LEVEL = "-O";
				VALIDATE_PRODUCT = YES;
			};
			name = Release;
		};
		1078889A27AE8FE10034454C /* Debug */ = {
			isa = XCBuildConfiguration;
			baseConfigurationReference = 5B88B6A040BA442E6D7536A6 /* Pods-TestDeliveryApp.debug.xcconfig */;
			buildSettings = {
				ASSETCATALOG_COMPILER_APPICON_NAME = AppIcon;
				ASSETCATALOG_COMPILER_GLOBAL_ACCENT_COLOR_NAME = AccentColor;
				CODE_SIGN_IDENTITY = "Apple Development";
				CODE_SIGN_STYLE = Automatic;
				CURRENT_PROJECT_VERSION = 1;
				DEVELOPMENT_TEAM = "";
				GENERATE_INFOPLIST_FILE = YES;
				INFOPLIST_FILE = DeliveryFood/Files/Info.plist;
				INFOPLIST_KEY_UIApplicationSupportsIndirectInputEvents = YES;
				INFOPLIST_KEY_UILaunchStoryboardName = LaunchScreen;
				INFOPLIST_KEY_UISupportedInterfaceOrientations_iPad = "UIInterfaceOrientationPortrait UIInterfaceOrientationPortraitUpsideDown UIInterfaceOrientationLandscapeLeft UIInterfaceOrientationLandscapeRight";
				INFOPLIST_KEY_UISupportedInterfaceOrientations_iPhone = "UIInterfaceOrientationPortrait UIInterfaceOrientationLandscapeLeft UIInterfaceOrientationLandscapeRight";
				LD_RUNPATH_SEARCH_PATHS = (
					"$(inherited)",
					"@executable_path/Frameworks",
				);
				MARKETING_VERSION = 1.0;
				PRODUCT_BUNDLE_IDENTIFIER = com.myapps.DeliveryFood;
				PRODUCT_NAME = "$(TARGET_NAME)";
				PROVISIONING_PROFILE_SPECIFIER = "";
				SWIFT_EMIT_LOC_STRINGS = YES;
				SWIFT_VERSION = 5.0;
				TARGETED_DEVICE_FAMILY = "1,2";
			};
			name = Debug;
		};
		1078889B27AE8FE10034454C /* Release */ = {
			isa = XCBuildConfiguration;
			baseConfigurationReference = 293EEC06DA7B3CD296C16A51 /* Pods-TestDeliveryApp.release.xcconfig */;
			buildSettings = {
				ASSETCATALOG_COMPILER_APPICON_NAME = AppIcon;
				ASSETCATALOG_COMPILER_GLOBAL_ACCENT_COLOR_NAME = AccentColor;
				CODE_SIGN_IDENTITY = "Apple Development";
				CODE_SIGN_STYLE = Automatic;
				CURRENT_PROJECT_VERSION = 1;
				DEVELOPMENT_TEAM = "";
				GENERATE_INFOPLIST_FILE = YES;
				INFOPLIST_FILE = DeliveryFood/Files/Info.plist;
				INFOPLIST_KEY_UIApplicationSupportsIndirectInputEvents = YES;
				INFOPLIST_KEY_UILaunchStoryboardName = LaunchScreen;
				INFOPLIST_KEY_UISupportedInterfaceOrientations_iPad = "UIInterfaceOrientationPortrait UIInterfaceOrientationPortraitUpsideDown UIInterfaceOrientationLandscapeLeft UIInterfaceOrientationLandscapeRight";
				INFOPLIST_KEY_UISupportedInterfaceOrientations_iPhone = "UIInterfaceOrientationPortrait UIInterfaceOrientationLandscapeLeft UIInterfaceOrientationLandscapeRight";
				LD_RUNPATH_SEARCH_PATHS = (
					"$(inherited)",
					"@executable_path/Frameworks",
				);
				MARKETING_VERSION = 1.0;
				PRODUCT_BUNDLE_IDENTIFIER = com.myapps.DeliveryFood;
				PRODUCT_NAME = "$(TARGET_NAME)";
				PROVISIONING_PROFILE_SPECIFIER = "";
				SWIFT_EMIT_LOC_STRINGS = YES;
				SWIFT_VERSION = 5.0;
				TARGETED_DEVICE_FAMILY = "1,2";
			};
			name = Release;
		};
/* End XCBuildConfiguration section */

/* Begin XCConfigurationList section */
		1078888027AE8FE10034454C /* Build configuration list for PBXProject "TestDeliveryApp" */ = {
			isa = XCConfigurationList;
			buildConfigurations = (
				1078889727AE8FE10034454C /* Debug */,
				1078889827AE8FE10034454C /* Release */,
			);
			defaultConfigurationIsVisible = 0;
			defaultConfigurationName = Release;
		};
		1078889927AE8FE10034454C /* Build configuration list for PBXNativeTarget "TestDeliveryApp" */ = {
			isa = XCConfigurationList;
			buildConfigurations = (
				1078889A27AE8FE10034454C /* Debug */,
				1078889B27AE8FE10034454C /* Release */,
			);
			defaultConfigurationIsVisible = 0;
			defaultConfigurationName = Release;
		};
/* End XCConfigurationList section */
	};
	rootObject = 1078887D27AE8FE10034454C /* Project object */;
}
